
Microsoft Visual Studio Solution File, Format Version 12.00
# Visual Studio 15
Project("{FAE04EC0-301F-11D3-BF4B-00C04F79EFBC}") = "UnityEngine.TestRunner", "UnityEngine.TestRunner.csproj", "{D4B061A8-2D4A-538A-4736-998DFE684F2D}"
EndProject
Project("{FAE04EC0-301F-11D3-BF4B-00C04F79EFBC}") = "Unity.Mathematics", "Unity.Mathematics.csproj", "{EE91157B-D438-0F5E-1F9B-99774F521ECA}"
EndProject
Project("{FAE04EC0-301F-11D3-BF4B-00C04F79EFBC}") = "Unity.2D.Animation.Triangle.Runtime", "Unity.2D.Animation.Triangle.Runtime.csproj", "{B22B35E7-C256-DEE3-E960-7022C75C7CE0}"
EndProject
Project("{FAE04EC0-301F-11D3-BF4B-00C04F79EFBC}") = "Unity.Timeline", "Unity.Timeline.csproj", "{B5782692-9D89-24C3-44C6-0431DC7DF5E8}"
EndProject
Project("{FAE04EC0-301F-11D3-BF4B-00C04F79EFBC}") = "UnityEngine.UI", "UnityEngine.UI.csproj", "{E64B2A61-AE47-83C4-3339-7A1BF9C5B4B9}"
EndProject
Project("{FAE04EC0-301F-11D3-BF4B-00C04F79EFBC}") = "Unity.TextMeshPro", "Unity.TextMeshPro.csproj", "{498DDDC0-8E24-C385-A6AA-C49511197ACA}"
EndProject
Project("{FAE04EC0-301F-11D3-BF4B-00C04F79EFBC}") = "Unity.2D.Animation.Runtime", "Unity.2D.Animation.Runtime.csproj", "{49B8B744-DB56-6490-85E3-DDE934581669}"
EndProject
Project("{FAE04EC0-301F-11D3-BF4B-00C04F79EFBC}") = "Unity.2D.IK.Runtime", "Unity.2D.IK.Runtime.csproj", "{B74F7A71-5718-82E4-7D85-28B214DFC821}"
EndProject
Project("{FAE04EC0-301F-11D3-BF4B-00C04F79EFBC}") = "Unity.2D.SpriteShape.Runtime", "Unity.2D.SpriteShape.Runtime.csproj", "{9160DC1C-3C62-CAA1-C8E7-3C1462FA9201}"
EndProject
Project("{FAE04EC0-301F-11D3-BF4B-00C04F79EFBC}") = "Unity.2D.PixelPerfect", "Unity.2D.PixelPerfect.csproj", "{EB6B5AD3-9AD8-D82B-3A26-0CBA6749235C}"
EndProject
Project("{FAE04EC0-301F-11D3-BF4B-00C04F79EFBC}") = "Unity.2D.Common.Runtime", "Unity.2D.Common.Runtime.csproj", "{3ADE2877-88BF-B9FD-514F-D715D12E77FC}"
EndProject
Project("{FAE04EC0-301F-11D3-BF4B-00C04F79EFBC}") = "Unity.InternalAPIEngineBridge.001", "Unity.InternalAPIEngineBridge.001.csproj", "{903C77C8-9630-6844-4F71-3C5AB331496A}"
EndProject
Project("{FAE04EC0-301F-11D3-BF4B-00C04F79EFBC}") = "Assembly-CSharp", "Assembly-CSharp.csproj", "{8326F066-0E61-77D8-40D2-A020B73D9837}"
EndProject
Project("{FAE04EC0-301F-11D3-BF4B-00C04F79EFBC}") = "UnityEditor.TestRunner", "UnityEditor.TestRunner.csproj", "{8B8DD3F3-1194-F1FA-CAEE-2C8AF27A0D41}"
EndProject
Project("{FAE04EC0-301F-11D3-BF4B-00C04F79EFBC}") = "Unity.PlasticSCM.Editor", "Unity.PlasticSCM.Editor.csproj", "{745399E1-D2EB-27E5-6B43-6570097DE595}"
EndProject
Project("{FAE04EC0-301F-11D3-BF4B-00C04F79EFBC}") = "UnityEditor.UI", "UnityEditor.UI.csproj", "{F3630062-B82B-1462-D694-3A3ECDF3FD46}"
EndProject
Project("{FAE04EC0-301F-11D3-BF4B-00C04F79EFBC}") = "Unity.Timeline.Editor", "Unity.Timeline.Editor.csproj", "{B4FBD2CB-790A-0347-05FB-E74E00F6956F}"
EndProject
Project("{FAE04EC0-301F-11D3-BF4B-00C04F79EFBC}") = "Unity.VisualStudio.Editor", "Unity.VisualStudio.Editor.csproj", "{297B884A-9473-1E38-20A9-EE2A78A5F99D}"
EndProject
Project("{FAE04EC0-301F-11D3-BF4B-00C04F79EFBC}") = "Unity.2D.Psdimporter.Editor", "Unity.2D.Psdimporter.Editor.csproj", "{BC34B590-21D8-3D3E-17D5-9A753C6CD2F4}"
EndProject
Project("{FAE04EC0-301F-11D3-BF4B-00C04F79EFBC}") = "Unity.2D.Animation.Editor", "Unity.2D.Animation.Editor.csproj", "{806F2FD0-1AE0-33B0-B065-D3D0A20B8170}"
EndProject
Project("{FAE04EC0-301F-11D3-BF4B-00C04F79EFBC}") = "Unity.TextMeshPro.Editor", "Unity.TextMeshPro.Editor.csproj", "{C957439E-3329-88C7-C6DF-5A02979F9761}"
EndProject
Project("{FAE04EC0-301F-11D3-BF4B-00C04F79EFBC}") = "Unity.2D.SpriteShape.Editor", "Unity.2D.SpriteShape.Editor.csproj", "{CC5219BA-A715-1CEF-4505-4A2E4635A155}"
EndProject
Project("{FAE04EC0-301F-11D3-BF4B-00C04F79EFBC}") = "Unity.CollabProxy.Editor", "Unity.CollabProxy.Editor.csproj", "{79282419-803D-15CC-1C32-5FA618337544}"
EndProject
Project("{FAE04EC0-301F-11D3-BF4B-00C04F79EFBC}") = "PsdPlugin", "PsdPlugin.csproj", "{2C232516-FD83-5DFA-5F99-3C10F791D88D}"
EndProject
Project("{FAE04EC0-301F-11D3-BF4B-00C04F79EFBC}") = "Unity.2D.Path.Editor", "Unity.2D.Path.Editor.csproj", "{61347E5E-86CA-CCDC-576C-F63CCCB79EB6}"
EndProject
Project("{FAE04EC0-301F-11D3-BF4B-00C04F79EFBC}") = "Unity.Rider.Editor", "Unity.Rider.Editor.csproj", "{90A75C13-A5DF-CE7D-FA47-08ECB643A6DF}"
EndProject
Project("{FAE04EC0-301F-11D3-BF4B-00C04F79EFBC}") = "Unity.2D.IK.Editor", "Unity.2D.IK.Editor.csproj", "{66604704-C50C-AC3E-552B-B8BAE24FF9D1}"
EndProject
Project("{FAE04EC0-301F-11D3-BF4B-00C04F79EFBC}") = "Unity.2D.Sprite.Editor", "Unity.2D.Sprite.Editor.csproj", "{477B8E68-29A2-1A1F-FC01-863D4F29A6BE}"
EndProject
Project("{FAE04EC0-301F-11D3-BF4B-00C04F79EFBC}") = "Unity.2D.Tilemap.Editor", "Unity.2D.Tilemap.Editor.csproj", "{E8D26711-7E94-F519-16BE-6C3498B36A17}"
EndProject
Project("{FAE04EC0-301F-11D3-BF4B-00C04F79EFBC}") = "Unity.2D.PixelPerfect.Editor", "Unity.2D.PixelPerfect.Editor.csproj", "{7BBDD9A4-D537-5FBD-2573-89F398536AA8}"
EndProject
Project("{FAE04EC0-301F-11D3-BF4B-00C04F79EFBC}") = "Unity.VSCode.Editor", "Unity.VSCode.Editor.csproj", "{781A0216-1982-DF7B-3F0C-FB17D17B5C35}"
EndProject
Project("{FAE04EC0-301F-11D3-BF4B-00C04F79EFBC}") = "Unity.2D.Common.Editor", "Unity.2D.Common.Editor.csproj", "{F30FB935-EC77-205F-FB0F-DBEE4F993FDE}"
EndProject
Project("{FAE04EC0-301F-11D3-BF4B-00C04F79EFBC}") = "Unity.Mathematics.Editor", "Unity.Mathematics.Editor.csproj", "{FED04D36-E916-5EF6-282F-D5D181A61D65}"
EndProject
Project("{FAE04EC0-301F-11D3-BF4B-00C04F79EFBC}") = "Unity.InternalAPIEditorBridge.001", "Unity.InternalAPIEditorBridge.001.csproj", "{4DC3211B-291A-AE79-E803-4B381ED3B01F}"
EndProject
Project("{FAE04EC0-301F-11D3-BF4B-00C04F79EFBC}") = "UnityEngine.TestRunner", "UnityEngine.TestRunner.Player.csproj", "{46793B7D-1DA0-5756-2FAF-A3AA66C248B6}"
EndProject
Project("{FAE04EC0-301F-11D3-BF4B-00C04F79EFBC}") = "Unity.Mathematics", "Unity.Mathematics.Player.csproj", "{2EB8A95E-2198-23FD-DFC3-09F233112D93}"
EndProject
Project("{FAE04EC0-301F-11D3-BF4B-00C04F79EFBC}") = "Unity.2D.Animation.Triangle.Runtime", "Unity.2D.Animation.Triangle.Runtime.Player.csproj", "{E2EF7FBB-42E1-B28B-CC29-F84391024062}"
EndProject
Project("{FAE04EC0-301F-11D3-BF4B-00C04F79EFBC}") = "Unity.Timeline", "Unity.Timeline.Player.csproj", "{8ACCC68A-17BB-CD46-6704-4667FBFD1581}"
EndProject
Project("{FAE04EC0-301F-11D3-BF4B-00C04F79EFBC}") = "UnityEngine.UI", "UnityEngine.UI.Player.csproj", "{6080A79E-910A-B4F9-95F7-F4A835F62E38}"
EndProject
Project("{FAE04EC0-301F-11D3-BF4B-00C04F79EFBC}") = "Unity.TextMeshPro", "Unity.TextMeshPro.Player.csproj", "{6B1E9ACE-2400-9BA9-E6F0-DD66C4C73671}"
EndProject
Project("{FAE04EC0-301F-11D3-BF4B-00C04F79EFBC}") = "Unity.2D.Animation.Runtime", "Unity.2D.Animation.Runtime.Player.csproj", "{72D19656-F178-9E08-6069-186015D419A6}"
EndProject
Project("{FAE04EC0-301F-11D3-BF4B-00C04F79EFBC}") = "Unity.2D.IK.Runtime", "Unity.2D.IK.Runtime.Player.csproj", "{728A5F54-0CB4-BF2D-8B13-C09AEA274B58}"
EndProject
Project("{FAE04EC0-301F-11D3-BF4B-00C04F79EFBC}") = "Unity.2D.SpriteShape.Runtime", "Unity.2D.SpriteShape.Runtime.Player.csproj", "{11B62F8F-991C-31DB-81AF-1FADC8EC3DA1}"
EndProject
Project("{FAE04EC0-301F-11D3-BF4B-00C04F79EFBC}") = "Unity.2D.PixelPerfect", "Unity.2D.PixelPerfect.Player.csproj", "{82368FA4-B5FE-EC3C-096F-8E29D4F75C07}"
EndProject
Project("{FAE04EC0-301F-11D3-BF4B-00C04F79EFBC}") = "Unity.2D.Common.Runtime", "Unity.2D.Common.Runtime.Player.csproj", "{0017A143-9DF7-CE57-D48C-33D0DBC782D1}"
EndProject
Project("{FAE04EC0-301F-11D3-BF4B-00C04F79EFBC}") = "Unity.InternalAPIEngineBridge.001", "Unity.InternalAPIEngineBridge.001.Player.csproj", "{07A5DA72-38AA-A3D3-C938-5617E0923E7D}"
EndProject
Project("{FAE04EC0-301F-11D3-BF4B-00C04F79EFBC}") = "Assembly-CSharp", "Assembly-CSharp.Player.csproj", "{579BB888-1B31-88A5-98B5-F83BF8E97ABD}"
EndProject
Global
	GlobalSection(SolutionConfigurationPlatforms) = preSolution
		Debug|Any CPU = Debug|Any CPU
		Release|Any CPU = Release|Any CPU
	EndGlobalSection
	GlobalSection(ProjectConfigurationPlatforms) = postSolution
		{D4B061A8-2D4A-538A-4736-998DFE684F2D}.Debug|Any CPU.ActiveCfg = Debug|Any CPU
		{D4B061A8-2D4A-538A-4736-998DFE684F2D}.Debug|Any CPU.Build.0 = Debug|Any CPU
		{D4B061A8-2D4A-538A-4736-998DFE684F2D}.Release|Any CPU.ActiveCfg = Release|Any CPU
		{D4B061A8-2D4A-538A-4736-998DFE684F2D}.Release|Any CPU.Build.0 = Release|Any CPU
		{EE91157B-D438-0F5E-1F9B-99774F521ECA}.Debug|Any CPU.ActiveCfg = Debug|Any CPU
		{EE91157B-D438-0F5E-1F9B-99774F521ECA}.Debug|Any CPU.Build.0 = Debug|Any CPU
		{EE91157B-D438-0F5E-1F9B-99774F521ECA}.Release|Any CPU.ActiveCfg = Release|Any CPU
		{EE91157B-D438-0F5E-1F9B-99774F521ECA}.Release|Any CPU.Build.0 = Release|Any CPU
		{B22B35E7-C256-DEE3-E960-7022C75C7CE0}.Debug|Any CPU.ActiveCfg = Debug|Any CPU
		{B22B35E7-C256-DEE3-E960-7022C75C7CE0}.Debug|Any CPU.Build.0 = Debug|Any CPU
		{B22B35E7-C256-DEE3-E960-7022C75C7CE0}.Release|Any CPU.ActiveCfg = Release|Any CPU
		{B22B35E7-C256-DEE3-E960-7022C75C7CE0}.Release|Any CPU.Build.0 = Release|Any CPU
		{B5782692-9D89-24C3-44C6-0431DC7DF5E8}.Debug|Any CPU.ActiveCfg = Debug|Any CPU
		{B5782692-9D89-24C3-44C6-0431DC7DF5E8}.Debug|Any CPU.Build.0 = Debug|Any CPU
		{B5782692-9D89-24C3-44C6-0431DC7DF5E8}.Release|Any CPU.ActiveCfg = Release|Any CPU
		{B5782692-9D89-24C3-44C6-0431DC7DF5E8}.Release|Any CPU.Build.0 = Release|Any CPU
		{E64B2A61-AE47-83C4-3339-7A1BF9C5B4B9}.Debug|Any CPU.ActiveCfg = Debug|Any CPU
		{E64B2A61-AE47-83C4-3339-7A1BF9C5B4B9}.Debug|Any CPU.Build.0 = Debug|Any CPU
		{E64B2A61-AE47-83C4-3339-7A1BF9C5B4B9}.Release|Any CPU.ActiveCfg = Release|Any CPU
		{E64B2A61-AE47-83C4-3339-7A1BF9C5B4B9}.Release|Any CPU.Build.0 = Release|Any CPU
		{498DDDC0-8E24-C385-A6AA-C49511197ACA}.Debug|Any CPU.ActiveCfg = Debug|Any CPU
		{498DDDC0-8E24-C385-A6AA-C49511197ACA}.Debug|Any CPU.Build.0 = Debug|Any CPU
		{498DDDC0-8E24-C385-A6AA-C49511197ACA}.Release|Any CPU.ActiveCfg = Release|Any CPU
		{498DDDC0-8E24-C385-A6AA-C49511197ACA}.Release|Any CPU.Build.0 = Release|Any CPU
		{49B8B744-DB56-6490-85E3-DDE934581669}.Debug|Any CPU.ActiveCfg = Debug|Any CPU
		{49B8B744-DB56-6490-85E3-DDE934581669}.Debug|Any CPU.Build.0 = Debug|Any CPU
		{49B8B744-DB56-6490-85E3-DDE934581669}.Release|Any CPU.ActiveCfg = Release|Any CPU
		{49B8B744-DB56-6490-85E3-DDE934581669}.Release|Any CPU.Build.0 = Release|Any CPU
		{B74F7A71-5718-82E4-7D85-28B214DFC821}.Debug|Any CPU.ActiveCfg = Debug|Any CPU
		{B74F7A71-5718-82E4-7D85-28B214DFC821}.Debug|Any CPU.Build.0 = Debug|Any CPU
		{B74F7A71-5718-82E4-7D85-28B214DFC821}.Release|Any CPU.ActiveCfg = Release|Any CPU
		{B74F7A71-5718-82E4-7D85-28B214DFC821}.Release|Any CPU.Build.0 = Release|Any CPU
		{9160DC1C-3C62-CAA1-C8E7-3C1462FA9201}.Debug|Any CPU.ActiveCfg = Debug|Any CPU
		{9160DC1C-3C62-CAA1-C8E7-3C1462FA9201}.Debug|Any CPU.Build.0 = Debug|Any CPU
		{9160DC1C-3C62-CAA1-C8E7-3C1462FA9201}.Release|Any CPU.ActiveCfg = Release|Any CPU
		{9160DC1C-3C62-CAA1-C8E7-3C1462FA9201}.Release|Any CPU.Build.0 = Release|Any CPU
		{EB6B5AD3-9AD8-D82B-3A26-0CBA6749235C}.Debug|Any CPU.ActiveCfg = Debug|Any CPU
		{EB6B5AD3-9AD8-D82B-3A26-0CBA6749235C}.Debug|Any CPU.Build.0 = Debug|Any CPU
		{EB6B5AD3-9AD8-D82B-3A26-0CBA6749235C}.Release|Any CPU.ActiveCfg = Release|Any CPU
		{EB6B5AD3-9AD8-D82B-3A26-0CBA6749235C}.Release|Any CPU.Build.0 = Release|Any CPU
		{3ADE2877-88BF-B9FD-514F-D715D12E77FC}.Debug|Any CPU.ActiveCfg = Debug|Any CPU
		{3ADE2877-88BF-B9FD-514F-D715D12E77FC}.Debug|Any CPU.Build.0 = Debug|Any CPU
		{3ADE2877-88BF-B9FD-514F-D715D12E77FC}.Release|Any CPU.ActiveCfg = Release|Any CPU
		{3ADE2877-88BF-B9FD-514F-D715D12E77FC}.Release|Any CPU.Build.0 = Release|Any CPU
		{903C77C8-9630-6844-4F71-3C5AB331496A}.Debug|Any CPU.ActiveCfg = Debug|Any CPU
		{903C77C8-9630-6844-4F71-3C5AB331496A}.Debug|Any CPU.Build.0 = Debug|Any CPU
		{903C77C8-9630-6844-4F71-3C5AB331496A}.Release|Any CPU.ActiveCfg = Release|Any CPU
		{903C77C8-9630-6844-4F71-3C5AB331496A}.Release|Any CPU.Build.0 = Release|Any CPU
		{8326F066-0E61-77D8-40D2-A020B73D9837}.Debug|Any CPU.ActiveCfg = Debug|Any CPU
		{8326F066-0E61-77D8-40D2-A020B73D9837}.Debug|Any CPU.Build.0 = Debug|Any CPU
		{8326F066-0E61-77D8-40D2-A020B73D9837}.Release|Any CPU.ActiveCfg = Release|Any CPU
		{8326F066-0E61-77D8-40D2-A020B73D9837}.Release|Any CPU.Build.0 = Release|Any CPU
		{8B8DD3F3-1194-F1FA-CAEE-2C8AF27A0D41}.Debug|Any CPU.ActiveCfg = Debug|Any CPU
		{8B8DD3F3-1194-F1FA-CAEE-2C8AF27A0D41}.Debug|Any CPU.Build.0 = Debug|Any CPU
		{8B8DD3F3-1194-F1FA-CAEE-2C8AF27A0D41}.Release|Any CPU.ActiveCfg = Release|Any CPU
		{8B8DD3F3-1194-F1FA-CAEE-2C8AF27A0D41}.Release|Any CPU.Build.0 = Release|Any CPU
		{745399E1-D2EB-27E5-6B43-6570097DE595}.Debug|Any CPU.ActiveCfg = Debug|Any CPU
		{745399E1-D2EB-27E5-6B43-6570097DE595}.Debug|Any CPU.Build.0 = Debug|Any CPU
		{745399E1-D2EB-27E5-6B43-6570097DE595}.Release|Any CPU.ActiveCfg = Release|Any CPU
		{745399E1-D2EB-27E5-6B43-6570097DE595}.Release|Any CPU.Build.0 = Release|Any CPU
		{F3630062-B82B-1462-D694-3A3ECDF3FD46}.Debug|Any CPU.ActiveCfg = Debug|Any CPU
		{F3630062-B82B-1462-D694-3A3ECDF3FD46}.Debug|Any CPU.Build.0 = Debug|Any CPU
		{F3630062-B82B-1462-D694-3A3ECDF3FD46}.Release|Any CPU.ActiveCfg = Release|Any CPU
		{F3630062-B82B-1462-D694-3A3ECDF3FD46}.Release|Any CPU.Build.0 = Release|Any CPU
		{B4FBD2CB-790A-0347-05FB-E74E00F6956F}.Debug|Any CPU.ActiveCfg = Debug|Any CPU
		{B4FBD2CB-790A-0347-05FB-E74E00F6956F}.Debug|Any CPU.Build.0 = Debug|Any CPU
		{B4FBD2CB-790A-0347-05FB-E74E00F6956F}.Release|Any CPU.ActiveCfg = Release|Any CPU
		{B4FBD2CB-790A-0347-05FB-E74E00F6956F}.Release|Any CPU.Build.0 = Release|Any CPU
		{297B884A-9473-1E38-20A9-EE2A78A5F99D}.Debug|Any CPU.ActiveCfg = Debug|Any CPU
		{297B884A-9473-1E38-20A9-EE2A78A5F99D}.Debug|Any CPU.Build.0 = Debug|Any CPU
		{297B884A-9473-1E38-20A9-EE2A78A5F99D}.Release|Any CPU.ActiveCfg = Release|Any CPU
		{297B884A-9473-1E38-20A9-EE2A78A5F99D}.Release|Any CPU.Build.0 = Release|Any CPU
		{BC34B590-21D8-3D3E-17D5-9A753C6CD2F4}.Debug|Any CPU.ActiveCfg = Debug|Any CPU
		{BC34B590-21D8-3D3E-17D5-9A753C6CD2F4}.Debug|Any CPU.Build.0 = Debug|Any CPU
		{BC34B590-21D8-3D3E-17D5-9A753C6CD2F4}.Release|Any CPU.ActiveCfg = Release|Any CPU
		{BC34B590-21D8-3D3E-17D5-9A753C6CD2F4}.Release|Any CPU.Build.0 = Release|Any CPU
		{806F2FD0-1AE0-33B0-B065-D3D0A20B8170}.Debug|Any CPU.ActiveCfg = Debug|Any CPU
		{806F2FD0-1AE0-33B0-B065-D3D0A20B8170}.Debug|Any CPU.Build.0 = Debug|Any CPU
		{806F2FD0-1AE0-33B0-B065-D3D0A20B8170}.Release|Any CPU.ActiveCfg = Release|Any CPU
		{806F2FD0-1AE0-33B0-B065-D3D0A20B8170}.Release|Any CPU.Build.0 = Release|Any CPU
		{C957439E-3329-88C7-C6DF-5A02979F9761}.Debug|Any CPU.ActiveCfg = Debug|Any CPU
		{C957439E-3329-88C7-C6DF-5A02979F9761}.Debug|Any CPU.Build.0 = Debug|Any CPU
		{C957439E-3329-88C7-C6DF-5A02979F9761}.Release|Any CPU.ActiveCfg = Release|Any CPU
		{C957439E-3329-88C7-C6DF-5A02979F9761}.Release|Any CPU.Build.0 = Release|Any CPU
		{CC5219BA-A715-1CEF-4505-4A2E4635A155}.Debug|Any CPU.ActiveCfg = Debug|Any CPU
		{CC5219BA-A715-1CEF-4505-4A2E4635A155}.Debug|Any CPU.Build.0 = Debug|Any CPU
		{CC5219BA-A715-1CEF-4505-4A2E4635A155}.Release|Any CPU.ActiveCfg = Release|Any CPU
		{CC5219BA-A715-1CEF-4505-4A2E4635A155}.Release|Any CPU.Build.0 = Release|Any CPU
		{79282419-803D-15CC-1C32-5FA618337544}.Debug|Any CPU.ActiveCfg = Debug|Any CPU
		{79282419-803D-15CC-1C32-5FA618337544}.Debug|Any CPU.Build.0 = Debug|Any CPU
		{79282419-803D-15CC-1C32-5FA618337544}.Release|Any CPU.ActiveCfg = Release|Any CPU
		{79282419-803D-15CC-1C32-5FA618337544}.Release|Any CPU.Build.0 = Release|Any CPU
		{2C232516-FD83-5DFA-5F99-3C10F791D88D}.Debug|Any CPU.ActiveCfg = Debug|Any CPU
		{2C232516-FD83-5DFA-5F99-3C10F791D88D}.Debug|Any CPU.Build.0 = Debug|Any CPU
		{2C232516-FD83-5DFA-5F99-3C10F791D88D}.Release|Any CPU.ActiveCfg = Release|Any CPU
		{2C232516-FD83-5DFA-5F99-3C10F791D88D}.Release|Any CPU.Build.0 = Release|Any CPU
		{61347E5E-86CA-CCDC-576C-F63CCCB79EB6}.Debug|Any CPU.ActiveCfg = Debug|Any CPU
		{61347E5E-86CA-CCDC-576C-F63CCCB79EB6}.Debug|Any CPU.Build.0 = Debug|Any CPU
		{61347E5E-86CA-CCDC-576C-F63CCCB79EB6}.Release|Any CPU.ActiveCfg = Release|Any CPU
		{61347E5E-86CA-CCDC-576C-F63CCCB79EB6}.Release|Any CPU.Build.0 = Release|Any CPU
		{90A75C13-A5DF-CE7D-FA47-08ECB643A6DF}.Debug|Any CPU.ActiveCfg = Debug|Any CPU
		{90A75C13-A5DF-CE7D-FA47-08ECB643A6DF}.Debug|Any CPU.Build.0 = Debug|Any CPU
		{90A75C13-A5DF-CE7D-FA47-08ECB643A6DF}.Release|Any CPU.ActiveCfg = Release|Any CPU
		{90A75C13-A5DF-CE7D-FA47-08ECB643A6DF}.Release|Any CPU.Build.0 = Release|Any CPU
		{66604704-C50C-AC3E-552B-B8BAE24FF9D1}.Debug|Any CPU.ActiveCfg = Debug|Any CPU
		{66604704-C50C-AC3E-552B-B8BAE24FF9D1}.Debug|Any CPU.Build.0 = Debug|Any CPU
		{66604704-C50C-AC3E-552B-B8BAE24FF9D1}.Release|Any CPU.ActiveCfg = Release|Any CPU
		{66604704-C50C-AC3E-552B-B8BAE24FF9D1}.Release|Any CPU.Build.0 = Release|Any CPU
		{477B8E68-29A2-1A1F-FC01-863D4F29A6BE}.Debug|Any CPU.ActiveCfg = Debug|Any CPU
		{477B8E68-29A2-1A1F-FC01-863D4F29A6BE}.Debug|Any CPU.Build.0 = Debug|Any CPU
		{477B8E68-29A2-1A1F-FC01-863D4F29A6BE}.Release|Any CPU.ActiveCfg = Release|Any CPU
		{477B8E68-29A2-1A1F-FC01-863D4F29A6BE}.Release|Any CPU.Build.0 = Release|Any CPU
		{E8D26711-7E94-F519-16BE-6C3498B36A17}.Debug|Any CPU.ActiveCfg = Debug|Any CPU
		{E8D26711-7E94-F519-16BE-6C3498B36A17}.Debug|Any CPU.Build.0 = Debug|Any CPU
		{E8D26711-7E94-F519-16BE-6C3498B36A17}.Release|Any CPU.ActiveCfg = Release|Any CPU
		{E8D26711-7E94-F519-16BE-6C3498B36A17}.Release|Any CPU.Build.0 = Release|Any CPU
		{7BBDD9A4-D537-5FBD-2573-89F398536AA8}.Debug|Any CPU.ActiveCfg = Debug|Any CPU
		{7BBDD9A4-D537-5FBD-2573-89F398536AA8}.Debug|Any CPU.Build.0 = Debug|Any CPU
		{7BBDD9A4-D537-5FBD-2573-89F398536AA8}.Release|Any CPU.ActiveCfg = Release|Any CPU
		{7BBDD9A4-D537-5FBD-2573-89F398536AA8}.Release|Any CPU.Build.0 = Release|Any CPU
		{781A0216-1982-DF7B-3F0C-FB17D17B5C35}.Debug|Any CPU.ActiveCfg = Debug|Any CPU
		{781A0216-1982-DF7B-3F0C-FB17D17B5C35}.Debug|Any CPU.Build.0 = Debug|Any CPU
		{781A0216-1982-DF7B-3F0C-FB17D17B5C35}.Release|Any CPU.ActiveCfg = Release|Any CPU
		{781A0216-1982-DF7B-3F0C-FB17D17B5C35}.Release|Any CPU.Build.0 = Release|Any CPU
		{F30FB935-EC77-205F-FB0F-DBEE4F993FDE}.Debug|Any CPU.ActiveCfg = Debug|Any CPU
		{F30FB935-EC77-205F-FB0F-DBEE4F993FDE}.Debug|Any CPU.Build.0 = Debug|Any CPU
		{F30FB935-EC77-205F-FB0F-DBEE4F993FDE}.Release|Any CPU.ActiveCfg = Release|Any CPU
		{F30FB935-EC77-205F-FB0F-DBEE4F993FDE}.Release|Any CPU.Build.0 = Release|Any CPU
		{FED04D36-E916-5EF6-282F-D5D181A61D65}.Debug|Any CPU.ActiveCfg = Debug|Any CPU
		{FED04D36-E916-5EF6-282F-D5D181A61D65}.Debug|Any CPU.Build.0 = Debug|Any CPU
		{FED04D36-E916-5EF6-282F-D5D181A61D65}.Release|Any CPU.ActiveCfg = Release|Any CPU
		{FED04D36-E916-5EF6-282F-D5D181A61D65}.Release|Any CPU.Build.0 = Release|Any CPU
		{4DC3211B-291A-AE79-E803-4B381ED3B01F}.Debug|Any CPU.ActiveCfg = Debug|Any CPU
		{4DC3211B-291A-AE79-E803-4B381ED3B01F}.Debug|Any CPU.Build.0 = Debug|Any CPU
		{4DC3211B-291A-AE79-E803-4B381ED3B01F}.Release|Any CPU.ActiveCfg = Release|Any CPU
		{4DC3211B-291A-AE79-E803-4B381ED3B01F}.Release|Any CPU.Build.0 = Release|Any CPU
		{46793B7D-1DA0-5756-2FAF-A3AA66C248B6}.Debug|Any CPU.ActiveCfg = Debug|Any CPU
		{46793B7D-1DA0-5756-2FAF-A3AA66C248B6}.Debug|Any CPU.Build.0 = Debug|Any CPU
		{46793B7D-1DA0-5756-2FAF-A3AA66C248B6}.Release|Any CPU.ActiveCfg = Release|Any CPU
		{46793B7D-1DA0-5756-2FAF-A3AA66C248B6}.Release|Any CPU.Build.0 = Release|Any CPU
		{2EB8A95E-2198-23FD-DFC3-09F233112D93}.Debug|Any CPU.ActiveCfg = Debug|Any CPU
		{2EB8A95E-2198-23FD-DFC3-09F233112D93}.Debug|Any CPU.Build.0 = Debug|Any CPU
		{2EB8A95E-2198-23FD-DFC3-09F233112D93}.Release|Any CPU.ActiveCfg = Release|Any CPU
		{2EB8A95E-2198-23FD-DFC3-09F233112D93}.Release|Any CPU.Build.0 = Release|Any CPU
		{E2EF7FBB-42E1-B28B-CC29-F84391024062}.Debug|Any CPU.ActiveCfg = Debug|Any CPU
		{E2EF7FBB-42E1-B28B-CC29-F84391024062}.Debug|Any CPU.Build.0 = Debug|Any CPU
		{E2EF7FBB-42E1-B28B-CC29-F84391024062}.Release|Any CPU.ActiveCfg = Release|Any CPU
		{E2EF7FBB-42E1-B28B-CC29-F84391024062}.Release|Any CPU.Build.0 = Release|Any CPU
		{8ACCC68A-17BB-CD46-6704-4667FBFD1581}.Debug|Any CPU.ActiveCfg = Debug|Any CPU
		{8ACCC68A-17BB-CD46-6704-4667FBFD1581}.Debug|Any CPU.Build.0 = Debug|Any CPU
		{8ACCC68A-17BB-CD46-6704-4667FBFD1581}.Release|Any CPU.ActiveCfg = Release|Any CPU
		{8ACCC68A-17BB-CD46-6704-4667FBFD1581}.Release|Any CPU.Build.0 = Release|Any CPU
		{6080A79E-910A-B4F9-95F7-F4A835F62E38}.Debug|Any CPU.ActiveCfg = Debug|Any CPU
		{6080A79E-910A-B4F9-95F7-F4A835F62E38}.Debug|Any CPU.Build.0 = Debug|Any CPU
		{6080A79E-910A-B4F9-95F7-F4A835F62E38}.Release|Any CPU.ActiveCfg = Release|Any CPU
		{6080A79E-910A-B4F9-95F7-F4A835F62E38}.Release|Any CPU.Build.0 = Release|Any CPU
		{6B1E9ACE-2400-9BA9-E6F0-DD66C4C73671}.Debug|Any CPU.ActiveCfg = Debug|Any CPU
		{6B1E9ACE-2400-9BA9-E6F0-DD66C4C73671}.Debug|Any CPU.Build.0 = Debug|Any CPU
		{6B1E9ACE-2400-9BA9-E6F0-DD66C4C73671}.Release|Any CPU.ActiveCfg = Release|Any CPU
		{6B1E9ACE-2400-9BA9-E6F0-DD66C4C73671}.Release|Any CPU.Build.0 = Release|Any CPU
		{72D19656-F178-9E08-6069-186015D419A6}.Debug|Any CPU.ActiveCfg = Debug|Any CPU
		{72D19656-F178-9E08-6069-186015D419A6}.Debug|Any CPU.Build.0 = Debug|Any CPU
		{72D19656-F178-9E08-6069-186015D419A6}.Release|Any CPU.ActiveCfg = Release|Any CPU
		{72D19656-F178-9E08-6069-186015D419A6}.Release|Any CPU.Build.0 = Release|Any CPU
		{728A5F54-0CB4-BF2D-8B13-C09AEA274B58}.Debug|Any CPU.ActiveCfg = Debug|Any CPU
		{728A5F54-0CB4-BF2D-8B13-C09AEA274B58}.Debug|Any CPU.Build.0 = Debug|Any CPU
		{728A5F54-0CB4-BF2D-8B13-C09AEA274B58}.Release|Any CPU.ActiveCfg = Release|Any CPU
		{728A5F54-0CB4-BF2D-8B13-C09AEA274B58}.Release|Any CPU.Build.0 = Release|Any CPU
		{11B62F8F-991C-31DB-81AF-1FADC8EC3DA1}.Debug|Any CPU.ActiveCfg = Debug|Any CPU
		{11B62F8F-991C-31DB-81AF-1FADC8EC3DA1}.Debug|Any CPU.Build.0 = Debug|Any CPU
		{11B62F8F-991C-31DB-81AF-1FADC8EC3DA1}.Release|Any CPU.ActiveCfg = Release|Any CPU
		{11B62F8F-991C-31DB-81AF-1FADC8EC3DA1}.Release|Any CPU.Build.0 = Release|Any CPU
		{82368FA4-B5FE-EC3C-096F-8E29D4F75C07}.Debug|Any CPU.ActiveCfg = Debug|Any CPU
		{82368FA4-B5FE-EC3C-096F-8E29D4F75C07}.Debug|Any CPU.Build.0 = Debug|Any CPU
		{82368FA4-B5FE-EC3C-096F-8E29D4F75C07}.Release|Any CPU.ActiveCfg = Release|Any CPU
		{82368FA4-B5FE-EC3C-096F-8E29D4F75C07}.Release|Any CPU.Build.0 = Release|Any CPU
		{0017A143-9DF7-CE57-D48C-33D0DBC782D1}.Debug|Any CPU.ActiveCfg = Debug|Any CPU
		{0017A143-9DF7-CE57-D48C-33D0DBC782D1}.Debug|Any CPU.Build.0 = Debug|Any CPU
		{0017A143-9DF7-CE57-D48C-33D0DBC782D1}.Release|Any CPU.ActiveCfg = Release|Any CPU
		{0017A143-9DF7-CE57-D48C-33D0DBC782D1}.Release|Any CPU.Build.0 = Release|Any CPU
		{07A5DA72-38AA-A3D3-C938-5617E0923E7D}.Debug|Any CPU.ActiveCfg = Debug|Any CPU
		{07A5DA72-38AA-A3D3-C938-5617E0923E7D}.Debug|Any CPU.Build.0 = Debug|Any CPU
		{07A5DA72-38AA-A3D3-C938-5617E0923E7D}.Release|Any CPU.ActiveCfg = Release|Any CPU
		{07A5DA72-38AA-A3D3-C938-5617E0923E7D}.Release|Any CPU.Build.0 = Release|Any CPU
		{579BB888-1B31-88A5-98B5-F83BF8E97ABD}.Debug|Any CPU.ActiveCfg = Debug|Any CPU
		{579BB888-1B31-88A5-98B5-F83BF8E97ABD}.Debug|Any CPU.Build.0 = Debug|Any CPU
		{579BB888-1B31-88A5-98B5-F83BF8E97ABD}.Release|Any CPU.ActiveCfg = Release|Any CPU
		{579BB888-1B31-88A5-98B5-F83BF8E97ABD}.Release|Any CPU.Build.0 = Release|Any CPU
	EndGlobalSection
	GlobalSection(SolutionProperties) = preSolution
		HideSolutionNode = FALSE
	EndGlobalSection
EndGlobal
